
Microsoft Visual Studio Solution File, Format Version 12.00
# Visual Studio Version 17
VisualStudioVersion = 17.4.33213.308
MinimumVisualStudioVersion = 10.0.40219.1
Project("{9A19103F-16F7-4668-BE54-9A1E7A4F7556}") = "Application.Service", "src\Service\Application.Service.csproj", "{991B3B65-251F-4964-90A6-2272935FB40A}"
EndProject
Project("{9A19103F-16F7-4668-BE54-9A1E7A4F7556}") = "Domain", "src\Domain\Domain.csproj", "{A0E692FD-6722-4423-87D2-A53E8F46FA58}"
EndProject
Project("{9A19103F-16F7-4668-BE54-9A1E7A4F7556}") = "Application.API", "src\Application.API\Application.API.csproj", "{DDE1FB85-1A12-4695-B261-FE2FD84C99FA}"
EndProject
Global
	GlobalSection(SolutionConfigurationPlatforms) = preSolution
		Debug|Any CPU = Debug|Any CPU
		Release|Any CPU = Release|Any CPU
	EndGlobalSection
	GlobalSection(ProjectConfigurationPlatforms) = postSolution
		{991B3B65-251F-4964-90A6-2272935FB40A}.Debug|Any CPU.ActiveCfg = Debug|Any CPU
		{991B3B65-251F-4964-90A6-2272935FB40A}.Debug|Any CPU.Build.0 = Debug|Any CPU
		{991B3B65-251F-4964-90A6-2272935FB40A}.Release|Any CPU.ActiveCfg = Release|Any CPU
		{991B3B65-251F-4964-90A6-2272935FB40A}.Release|Any CPU.Build.0 = Release|Any CPU
		{A0E692FD-6722-4423-87D2-A53E8F46FA58}.Debug|Any CPU.ActiveCfg = Debug|Any CPU
		{A0E692FD-6722-4423-87D2-A53E8F46FA58}.Debug|Any CPU.Build.0 = Debug|Any CPU
		{A0E692FD-6722-4423-87D2-A53E8F46FA58}.Release|Any CPU.ActiveCfg = Release|Any CPU
		{A0E692FD-6722-4423-87D2-A53E8F46FA58}.Release|Any CPU.Build.0 = Release|Any CPU
		{DDE1FB85-1A12-4695-B261-FE2FD84C99FA}.Debug|Any CPU.ActiveCfg = Debug|Any CPU
		{DDE1FB85-1A12-4695-B261-FE2FD84C99FA}.Debug|Any CPU.Build.0 = Debug|Any CPU
		{DDE1FB85-1A12-4695-B261-FE2FD84C99FA}.Release|Any CPU.ActiveCfg = Release|Any CPU
		{DDE1FB85-1A12-4695-B261-FE2FD84C99FA}.Release|Any CPU.Build.0 = Release|Any CPU
	EndGlobalSection
	GlobalSection(SolutionProperties) = preSolution
		HideSolutionNode = FALSE
	EndGlobalSection
	GlobalSection(ExtensibilityGlobals) = postSolution
		SolutionGuid = {F6FB1BC9-CE79-421B-8B0D-CA621C5BE8DE}
	EndGlobalSection
EndGlobal
